
Microsoft Visual Studio Solution File, Format Version 12.00
# Visual Studio 15
VisualStudioVersion = 15.0.28307.421
MinimumVisualStudioVersion = 10.0.40219.1
Project("{FAE04EC0-301F-11D3-BF4B-00C04F79EFBC}") = "DatabasesFinalProject", "DatabasesFinalProject\DatabasesFinalProject.csproj", "{4193DABA-29F9-4302-8E6F-EDA05AA288AB}"
EndProject
Global
	GlobalSection(SolutionConfigurationPlatforms) = preSolution
		Debug|Any CPU = Debug|Any CPU
		Release|Any CPU = Release|Any CPU
	EndGlobalSection
	GlobalSection(ProjectConfigurationPlatforms) = postSolution
		{4193DABA-29F9-4302-8E6F-EDA05AA288AB}.Debug|Any CPU.ActiveCfg = Debug|Any CPU
		{4193DABA-29F9-4302-8E6F-EDA05AA288AB}.Debug|Any CPU.Build.0 = Debug|Any CPU
		{4193DABA-29F9-4302-8E6F-EDA05AA288AB}.Release|Any CPU.ActiveCfg = Release|Any CPU
		{4193DABA-29F9-4302-8E6F-EDA05AA288AB}.Release|Any CPU.Build.0 = Release|Any CPU
	EndGlobalSection
	GlobalSection(SolutionProperties) = preSolution
		HideSolutionNode = FALSE
	EndGlobalSection
	GlobalSection(ExtensibilityGlobals) = postSolution
		SolutionGuid = {DA1AB33F-0583-436D-B46F-0EF5C3C5D466}
	EndGlobalSection
EndGlobal
